
Microsoft Visual Studio Solution File, Format Version 12.00
# Visual Studio Version 17
VisualStudioVersion = 17.14.36705.20 d17.14
MinimumVisualStudioVersion = 10.0.40219.1
Project("{FAE04EC0-301F-11D3-BF4B-00C04F79EFBC}") = "Platform for freelancing", "Platform for freelancing.csproj", "{9E8A413B-3346-464D-AFEB-A3626DC6A664}"
EndProject
Global
	GlobalSection(SolutionConfigurationPlatforms) = preSolution
		Debug|Any CPU = Debug|Any CPU
		Release|Any CPU = Release|Any CPU
	EndGlobalSection
	GlobalSection(ProjectConfigurationPlatforms) = postSolution
		{9E8A413B-3346-464D-AFEB-A3626DC6A664}.Debug|Any CPU.ActiveCfg = Debug|Any CPU
		{9E8A413B-3346-464D-AFEB-A3626DC6A664}.Debug|Any CPU.Build.0 = Debug|Any CPU
		{9E8A413B-3346-464D-AFEB-A3626DC6A664}.Release|Any CPU.ActiveCfg = Release|Any CPU
		{9E8A413B-3346-464D-AFEB-A3626DC6A664}.Release|Any CPU.Build.0 = Release|Any CPU
	EndGlobalSection
	GlobalSection(SolutionProperties) = preSolution
		HideSolutionNode = FALSE
	EndGlobalSection
	GlobalSection(ExtensibilityGlobals) = postSolution
		SolutionGuid = {A3CFE058-E633-4CCB-9A0F-E925D56FAE62}
	EndGlobalSection
EndGlobal
